
Microsoft Visual Studio Solution File, Format Version 12.00
Project("{FAE04EC0-301F-11D3-BF4B-00C04F79EFBC}") = "ScenarioWithoutDI", "ScenarioWithoutDI\ScenarioWithoutDI.csproj", "{E2165068-2B0E-4064-94E6-0DE90F655A5D}"
EndProject
Project("{FAE04EC0-301F-11D3-BF4B-00C04F79EFBC}") = "RegisteringTypesReflectionComponents", "RegisteringTypesReflectionComponents\RegisteringTypesReflectionComponents.csproj", "{F87B681A-117A-4177-94D7-611C3332A894}"
EndProject
Project("{FAE04EC0-301F-11D3-BF4B-00C04F79EFBC}") = "DefaultRegistrations", "DefaultRegistrations\DefaultRegistrations.csproj", "{CC78CE3F-1246-46D0-B3B3-D15D33142CCD}"
EndProject
Project("{FAE04EC0-301F-11D3-BF4B-00C04F79EFBC}") = "ChoiceOfConstructor", "ChoiceOfConstructor\ChoiceOfConstructor.csproj", "{E6A8A9C4-1B42-4D92-9836-EF6355392953}"
EndProject
Project("{FAE04EC0-301F-11D3-BF4B-00C04F79EFBC}") = "RegisteringInstances", "RegisteringInstances\RegisteringInstances.csproj", "{4DD018ED-4503-4B3C-860E-DA11DCD1917C}"
EndProject
Project("{FAE04EC0-301F-11D3-BF4B-00C04F79EFBC}") = "LambdaExpressionComponents", "LambdaExpressionComponents\LambdaExpressionComponents.csproj", "{0F75FD57-E60C-4791-AF48-65BF426091ED}"
EndProject
Project("{FAE04EC0-301F-11D3-BF4B-00C04F79EFBC}") = "OpenGenericComponents", "OpenGenericComponents\OpenGenericComponents.csproj", "{B4681013-9AEB-4777-8C05-7FB43C38D1E1}"
EndProject
Project("{FAE04EC0-301F-11D3-BF4B-00C04F79EFBC}") = "PassingParametersToRegister", "PassingParametersToRegister\PassingParametersToRegister.csproj", "{98112D0C-324A-4151-AE9D-64F543DA613D}"
EndProject
Project("{FAE04EC0-301F-11D3-BF4B-00C04F79EFBC}") = "DelegateFactories", "DelegateFactories\DelegateFactories.csproj", "{53A76149-4383-45E0-AED7-D2C8A389C39E}"
EndProject
Project("{FAE04EC0-301F-11D3-BF4B-00C04F79EFBC}") = "ObjectsOnDemand", "ObjectsOnDemand\ObjectsOnDemand.csproj", "{776A212E-4E90-4B3B-8969-D48471351453}"
EndProject
Project("{FAE04EC0-301F-11D3-BF4B-00C04F79EFBC}") = "PropertyAndMethodInjection", "PropertyAndMethodInjection\PropertyAndMethodInjection.csproj", "{77C1ED93-418C-4428-93E4-16EE9B6634AA}"
EndProject
Project("{FAE04EC0-301F-11D3-BF4B-00C04F79EFBC}") = "ScanningForTypes", "ScanningForTypes\ScanningForTypes.csproj", "{A0F5A875-08B1-4613-B905-E4271BCD3B4F}"
EndProject
Project("{FAE04EC0-301F-11D3-BF4B-00C04F79EFBC}") = "ScanningForModules", "ScanningForModules\ScanningForModules.csproj", "{E42BE28D-2DD2-48A9-8F99-EA80FC936DA4}"
EndProject
Project("{FAE04EC0-301F-11D3-BF4B-00C04F79EFBC}") = "DelayedInstantiation", "DelayedInstantiation\DelayedInstantiation.csproj", "{835BF556-AE01-478A-9028-7F54A011575B}"
EndProject
Project("{FAE04EC0-301F-11D3-BF4B-00C04F79EFBC}") = "ControlledInstantiation", "ControlledInstantiation\ControlledInstantiation.csproj", "{EEF322DE-093A-4EB1-A2CE-729EBE5B435E}"
EndProject
Project("{FAE04EC0-301F-11D3-BF4B-00C04F79EFBC}") = "DynamicInstantiation", "DynamicInstantiation\DynamicInstantiation.csproj", "{23A61B6F-EEE8-4052-8232-472078B55892}"
EndProject
Project("{FAE04EC0-301F-11D3-BF4B-00C04F79EFBC}") = "ParameterizedInstantiation", "ParameterizedInstantiation\ParameterizedInstantiation.csproj", "{7011C92F-BABB-474A-ABAE-550291E474CD}"
EndProject
Project("{FAE04EC0-301F-11D3-BF4B-00C04F79EFBC}") = "Enumeration", "Enumeration\Enumeration.csproj", "{4D43B160-2DB6-439A-83E8-AC4CCC59423B}"
EndProject
Project("{FAE04EC0-301F-11D3-BF4B-00C04F79EFBC}") = "MetadataInterrogation", "MetadataInterrogation\MetadataInterrogation.csproj", "{E46E0DB4-ED03-4E19-9681-DB8B9094896B}"
EndProject
Project("{FAE04EC0-301F-11D3-BF4B-00C04F79EFBC}") = "KeyedServiceLookup", "KeyedServiceLookup\KeyedServiceLookup.csproj", "{E8D4B80E-C08A-4F39-98C4-6DE9EC769DDC}"
EndProject
Global
	GlobalSection(SolutionConfigurationPlatforms) = preSolution
		Debug|Any CPU = Debug|Any CPU
		Release|Any CPU = Release|Any CPU
	EndGlobalSection
	GlobalSection(ProjectConfigurationPlatforms) = postSolution
		{E2165068-2B0E-4064-94E6-0DE90F655A5D}.Debug|Any CPU.ActiveCfg = Debug|Any CPU
		{E2165068-2B0E-4064-94E6-0DE90F655A5D}.Debug|Any CPU.Build.0 = Debug|Any CPU
		{E2165068-2B0E-4064-94E6-0DE90F655A5D}.Release|Any CPU.ActiveCfg = Release|Any CPU
		{E2165068-2B0E-4064-94E6-0DE90F655A5D}.Release|Any CPU.Build.0 = Release|Any CPU
		{F87B681A-117A-4177-94D7-611C3332A894}.Debug|Any CPU.ActiveCfg = Debug|Any CPU
		{F87B681A-117A-4177-94D7-611C3332A894}.Debug|Any CPU.Build.0 = Debug|Any CPU
		{F87B681A-117A-4177-94D7-611C3332A894}.Release|Any CPU.ActiveCfg = Release|Any CPU
		{F87B681A-117A-4177-94D7-611C3332A894}.Release|Any CPU.Build.0 = Release|Any CPU
		{CC78CE3F-1246-46D0-B3B3-D15D33142CCD}.Debug|Any CPU.ActiveCfg = Debug|Any CPU
		{CC78CE3F-1246-46D0-B3B3-D15D33142CCD}.Debug|Any CPU.Build.0 = Debug|Any CPU
		{CC78CE3F-1246-46D0-B3B3-D15D33142CCD}.Release|Any CPU.ActiveCfg = Release|Any CPU
		{CC78CE3F-1246-46D0-B3B3-D15D33142CCD}.Release|Any CPU.Build.0 = Release|Any CPU
		{E6A8A9C4-1B42-4D92-9836-EF6355392953}.Debug|Any CPU.ActiveCfg = Debug|Any CPU
		{E6A8A9C4-1B42-4D92-9836-EF6355392953}.Debug|Any CPU.Build.0 = Debug|Any CPU
		{E6A8A9C4-1B42-4D92-9836-EF6355392953}.Release|Any CPU.ActiveCfg = Release|Any CPU
		{E6A8A9C4-1B42-4D92-9836-EF6355392953}.Release|Any CPU.Build.0 = Release|Any CPU
		{4DD018ED-4503-4B3C-860E-DA11DCD1917C}.Debug|Any CPU.ActiveCfg = Debug|Any CPU
		{4DD018ED-4503-4B3C-860E-DA11DCD1917C}.Debug|Any CPU.Build.0 = Debug|Any CPU
		{4DD018ED-4503-4B3C-860E-DA11DCD1917C}.Release|Any CPU.ActiveCfg = Release|Any CPU
		{4DD018ED-4503-4B3C-860E-DA11DCD1917C}.Release|Any CPU.Build.0 = Release|Any CPU
		{0F75FD57-E60C-4791-AF48-65BF426091ED}.Debug|Any CPU.ActiveCfg = Debug|Any CPU
		{0F75FD57-E60C-4791-AF48-65BF426091ED}.Debug|Any CPU.Build.0 = Debug|Any CPU
		{0F75FD57-E60C-4791-AF48-65BF426091ED}.Release|Any CPU.ActiveCfg = Release|Any CPU
		{0F75FD57-E60C-4791-AF48-65BF426091ED}.Release|Any CPU.Build.0 = Release|Any CPU
		{B4681013-9AEB-4777-8C05-7FB43C38D1E1}.Debug|Any CPU.ActiveCfg = Debug|Any CPU
		{B4681013-9AEB-4777-8C05-7FB43C38D1E1}.Debug|Any CPU.Build.0 = Debug|Any CPU
		{B4681013-9AEB-4777-8C05-7FB43C38D1E1}.Release|Any CPU.ActiveCfg = Release|Any CPU
		{B4681013-9AEB-4777-8C05-7FB43C38D1E1}.Release|Any CPU.Build.0 = Release|Any CPU
		{98112D0C-324A-4151-AE9D-64F543DA613D}.Debug|Any CPU.ActiveCfg = Debug|Any CPU
		{98112D0C-324A-4151-AE9D-64F543DA613D}.Debug|Any CPU.Build.0 = Debug|Any CPU
		{98112D0C-324A-4151-AE9D-64F543DA613D}.Release|Any CPU.ActiveCfg = Release|Any CPU
		{98112D0C-324A-4151-AE9D-64F543DA613D}.Release|Any CPU.Build.0 = Release|Any CPU
		{53A76149-4383-45E0-AED7-D2C8A389C39E}.Debug|Any CPU.ActiveCfg = Debug|Any CPU
		{53A76149-4383-45E0-AED7-D2C8A389C39E}.Debug|Any CPU.Build.0 = Debug|Any CPU
		{53A76149-4383-45E0-AED7-D2C8A389C39E}.Release|Any CPU.ActiveCfg = Release|Any CPU
		{53A76149-4383-45E0-AED7-D2C8A389C39E}.Release|Any CPU.Build.0 = Release|Any CPU
		{776A212E-4E90-4B3B-8969-D48471351453}.Debug|Any CPU.ActiveCfg = Debug|Any CPU
		{776A212E-4E90-4B3B-8969-D48471351453}.Debug|Any CPU.Build.0 = Debug|Any CPU
		{776A212E-4E90-4B3B-8969-D48471351453}.Release|Any CPU.ActiveCfg = Release|Any CPU
		{776A212E-4E90-4B3B-8969-D48471351453}.Release|Any CPU.Build.0 = Release|Any CPU
		{77C1ED93-418C-4428-93E4-16EE9B6634AA}.Debug|Any CPU.ActiveCfg = Debug|Any CPU
		{77C1ED93-418C-4428-93E4-16EE9B6634AA}.Debug|Any CPU.Build.0 = Debug|Any CPU
		{77C1ED93-418C-4428-93E4-16EE9B6634AA}.Release|Any CPU.ActiveCfg = Release|Any CPU
		{77C1ED93-418C-4428-93E4-16EE9B6634AA}.Release|Any CPU.Build.0 = Release|Any CPU
		{A0F5A875-08B1-4613-B905-E4271BCD3B4F}.Debug|Any CPU.ActiveCfg = Debug|Any CPU
		{A0F5A875-08B1-4613-B905-E4271BCD3B4F}.Debug|Any CPU.Build.0 = Debug|Any CPU
		{A0F5A875-08B1-4613-B905-E4271BCD3B4F}.Release|Any CPU.ActiveCfg = Release|Any CPU
		{A0F5A875-08B1-4613-B905-E4271BCD3B4F}.Release|Any CPU.Build.0 = Release|Any CPU
		{E42BE28D-2DD2-48A9-8F99-EA80FC936DA4}.Debug|Any CPU.ActiveCfg = Debug|Any CPU
		{E42BE28D-2DD2-48A9-8F99-EA80FC936DA4}.Debug|Any CPU.Build.0 = Debug|Any CPU
		{E42BE28D-2DD2-48A9-8F99-EA80FC936DA4}.Release|Any CPU.ActiveCfg = Release|Any CPU
		{E42BE28D-2DD2-48A9-8F99-EA80FC936DA4}.Release|Any CPU.Build.0 = Release|Any CPU
		{835BF556-AE01-478A-9028-7F54A011575B}.Debug|Any CPU.ActiveCfg = Debug|Any CPU
		{835BF556-AE01-478A-9028-7F54A011575B}.Debug|Any CPU.Build.0 = Debug|Any CPU
		{835BF556-AE01-478A-9028-7F54A011575B}.Release|Any CPU.ActiveCfg = Release|Any CPU
		{835BF556-AE01-478A-9028-7F54A011575B}.Release|Any CPU.Build.0 = Release|Any CPU
		{EEF322DE-093A-4EB1-A2CE-729EBE5B435E}.Debug|Any CPU.ActiveCfg = Debug|Any CPU
		{EEF322DE-093A-4EB1-A2CE-729EBE5B435E}.Debug|Any CPU.Build.0 = Debug|Any CPU
		{EEF322DE-093A-4EB1-A2CE-729EBE5B435E}.Release|Any CPU.ActiveCfg = Release|Any CPU
		{EEF322DE-093A-4EB1-A2CE-729EBE5B435E}.Release|Any CPU.Build.0 = Release|Any CPU
		{23A61B6F-EEE8-4052-8232-472078B55892}.Debug|Any CPU.ActiveCfg = Debug|Any CPU
		{23A61B6F-EEE8-4052-8232-472078B55892}.Debug|Any CPU.Build.0 = Debug|Any CPU
		{23A61B6F-EEE8-4052-8232-472078B55892}.Release|Any CPU.ActiveCfg = Release|Any CPU
		{23A61B6F-EEE8-4052-8232-472078B55892}.Release|Any CPU.Build.0 = Release|Any CPU
		{7011C92F-BABB-474A-ABAE-550291E474CD}.Debug|Any CPU.ActiveCfg = Debug|Any CPU
		{7011C92F-BABB-474A-ABAE-550291E474CD}.Debug|Any CPU.Build.0 = Debug|Any CPU
		{7011C92F-BABB-474A-ABAE-550291E474CD}.Release|Any CPU.ActiveCfg = Release|Any CPU
		{7011C92F-BABB-474A-ABAE-550291E474CD}.Release|Any CPU.Build.0 = Release|Any CPU
		{4D43B160-2DB6-439A-83E8-AC4CCC59423B}.Debug|Any CPU.ActiveCfg = Debug|Any CPU
		{4D43B160-2DB6-439A-83E8-AC4CCC59423B}.Debug|Any CPU.Build.0 = Debug|Any CPU
		{4D43B160-2DB6-439A-83E8-AC4CCC59423B}.Release|Any CPU.ActiveCfg = Release|Any CPU
		{4D43B160-2DB6-439A-83E8-AC4CCC59423B}.Release|Any CPU.Build.0 = Release|Any CPU
		{E46E0DB4-ED03-4E19-9681-DB8B9094896B}.Debug|Any CPU.ActiveCfg = Debug|Any CPU
		{E46E0DB4-ED03-4E19-9681-DB8B9094896B}.Debug|Any CPU.Build.0 = Debug|Any CPU
		{E46E0DB4-ED03-4E19-9681-DB8B9094896B}.Release|Any CPU.ActiveCfg = Release|Any CPU
		{E46E0DB4-ED03-4E19-9681-DB8B9094896B}.Release|Any CPU.Build.0 = Release|Any CPU
		{E8D4B80E-C08A-4F39-98C4-6DE9EC769DDC}.Debug|Any CPU.ActiveCfg = Debug|Any CPU
		{E8D4B80E-C08A-4F39-98C4-6DE9EC769DDC}.Debug|Any CPU.Build.0 = Debug|Any CPU
		{E8D4B80E-C08A-4F39-98C4-6DE9EC769DDC}.Release|Any CPU.ActiveCfg = Release|Any CPU
		{E8D4B80E-C08A-4F39-98C4-6DE9EC769DDC}.Release|Any CPU.Build.0 = Release|Any CPU
	EndGlobalSection
EndGlobal
